Microsoft Visual Studio Solution File, Format Version 9.00
# Visual Studio 2005
Project("{FAE04EC0-301F-11D3-BF4B-00C04F79EFBC}") = "Water", "Water\Water.csproj", "{B45444FD-CF2F-40C4-A2BE-ED0DFAF63073}"
EndProject
Project("{FAE04EC0-301F-11D3-BF4B-00C04F79EFBC}") = "wave", "wave\wave.csproj", "{C54EF647-B3B0-4659-9347-418A01693B1E}"
EndProject
Project("{FAE04EC0-301F-11D3-BF4B-00C04F79EFBC}") = "Bamboo.CSharp", "Bamboo.CSharp\Bamboo.CSharp.csproj", "{D294134D-DF11-426E-B195-12715A50E73E}"
EndProject
Project("{FAE04EC0-301F-11D3-BF4B-00C04F79EFBC}") = "Bamboo.VisualStudio", "Bamboo.VisualStudio\Bamboo.VisualStudio.csproj", "{87C5C1ED-E57F-4D0D-BD17-6AB2A7D03376}"
EndProject
Project("{FAE04EC0-301F-11D3-BF4B-00C04F79EFBC}") = "Bamboo.Csv", "Bamboo.Csv\Bamboo.Csv.csproj", "{6111A8F6-6E99-4ED3-B24F-11FC218EE57B}"
EndProject
Project("{FAE04EC0-301F-11D3-BF4B-00C04F79EFBC}") = "Bamboo.Xml", "Bamboo.Xml\Bamboo.Xml.csproj", "{64E1CE38-760A-4E32-BD16-A0B378EC6618}"
EndProject
Project("{FAE04EC0-301F-11D3-BF4B-00C04F79EFBC}") = "Bamboo.Query", "Bamboo.Query\Bamboo.Query.csproj", "{D2EC4138-A00E-4C3B-AF98-3B9466A28490}"
EndProject
Project("{FAE04EC0-301F-11D3-BF4B-00C04F79EFBC}") = "Bamboo.WebServer", "Bamboo.WebServer\Bamboo.WebServer.csproj", "{865C5CA5-402D-411B-87D8-335BB27D5C9B}"
EndProject
Project("{FAE04EC0-301F-11D3-BF4B-00C04F79EFBC}") = "Surf", "Surf\Surf.csproj", "{907993AA-6B30-4286-8E2E-69E4A04FF925}"
EndProject
Project("{FAE04EC0-301F-11D3-BF4B-00C04F79EFBC}") = "Bamboo.Diff", "Bamboo.Diff\Bamboo.Diff.csproj", "{693E5D82-B15C-4D10-8ABE-01F2D8074B77}"
EndProject
Project("{FAE04EC0-301F-11D3-BF4B-00C04F79EFBC}") = "bamboo", "bamboo\bamboo.csproj", "{A2491872-1B01-4F6C-A124-467755DBD3ED}"
EndProject
Project("{FAE04EC0-301F-11D3-BF4B-00C04F79EFBC}") = "Bamboo.Compression", "Bamboo.Compression\Bamboo.Compression.csproj", "{8BEAEF83-8107-4F5E-A86D-E4F5F03E8C0A}"
EndProject
Project("{FAE04EC0-301F-11D3-BF4B-00C04F79EFBC}") = "Bamboo.Parsing", "Bamboo.Parsing\Bamboo.Parsing.csproj", "{5BB51C75-2AB5-4B4D-867E-E979AE727B32}"
EndProject
Project("{FAE04EC0-301F-11D3-BF4B-00C04F79EFBC}") = "Bamboo.UDP", "Bamboo.UDP\Bamboo.UDP.csproj", "{0E6D7742-88DA-4A5C-8FA2-77E6EA6E1486}"
EndProject
Project("{FAE04EC0-301F-11D3-BF4B-00C04F79EFBC}") = "surfer", "surfer\surfer.csproj", "{D95706BD-49E9-4FF6-8BA3-15C3A8DEC43F}"
EndProject
Project("{FAE04EC0-301F-11D3-BF4B-00C04F79EFBC}") = "Stream", "Stream\Stream.csproj", "{197DAC53-83AC-4A2F-AC34-3BC1E8A6D56C}"
EndProject
Project("{FAE04EC0-301F-11D3-BF4B-00C04F79EFBC}") = "streamer", "streamer\streamer.csproj", "{0E90BAAB-05F9-4D7E-B86E-D374D33494F5}"
EndProject
Project("{FAE04EC0-301F-11D3-BF4B-00C04F79EFBC}") = "Ice", "Ice\Ice.csproj", "{D3821FEB-667C-4DF6-B341-0E79610D7A43}"
EndProject
Project("{FAE04EC0-301F-11D3-BF4B-00C04F79EFBC}") = "icicle", "icicle\icicle.csproj", "{80B85B9F-A44F-4989-972A-047976B4DB18}"
EndProject
Project("{FAE04EC0-301F-11D3-BF4B-00C04F79EFBC}") = "Bamboo.Bytecode", "Bamboo.Bytecode\Bamboo.Bytecode.csproj", "{DADC9EAA-9232-47E3-862B-F4A2DACA9958}"
EndProject
Project("{FAE04EC0-301F-11D3-BF4B-00C04F79EFBC}") = "Bamboo.Csv2", "Bamboo.Csv2\Bamboo.Csv2.csproj", "{B6EA48FC-6A39-4D44-A330-D491CE0A34FA}"
EndProject
Project("{FAE04EC0-301F-11D3-BF4B-00C04F79EFBC}") = "Bamboo.Sql2", "Bamboo.Sql2\Bamboo.Sql2.csproj", "{C2E15E60-B864-480F-B631-F783FBECC751}"
EndProject
Project("{FAE04EC0-301F-11D3-BF4B-00C04F79EFBC}") = "Bamboo.Charts", "Bamboo.Charts\Bamboo.Charts.csproj", "{0B2D41FD-58E7-46E5-AFA5-F0F277A394A5}"
EndProject
Project("{FAE04EC0-301F-11D3-BF4B-00C04F79EFBC}") = "Bamboo.Css", "Bamboo.Css\Bamboo.Css.csproj", "{F0F1984A-A85A-40F9-ABD4-DEF8B7232FA7}"
EndProject
Project("{FAE04EC0-301F-11D3-BF4B-00C04F79EFBC}") = "Bamboo.Html", "Bamboo.Html\Bamboo.Html.csproj", "{862D78EA-E2E0-4539-991A-95F4EF5B96B1}"
EndProject
Project("{FAE04EC0-301F-11D3-BF4B-00C04F79EFBC}") = "Bamboo.Http", "Bamboo.Http\Bamboo.Http.csproj", "{26C00733-4E08-4A99-863C-D42E68C0B44B}"
EndProject
Project("{FAE04EC0-301F-11D3-BF4B-00C04F79EFBC}") = "Bamboo.Jobs", "Bamboo.Jobs\Bamboo.Jobs.csproj", "{CF3C2780-9491-4504-B8D4-09A4639CC65E}"
EndProject
Project("{FAE04EC0-301F-11D3-BF4B-00C04F79EFBC}") = "Bamboo.DataStructures", "Bamboo.DataStructures\Bamboo.DataStructures.csproj", "{C7230AAE-DC2A-4FF8-954A-0DE335143AE1}"
EndProject
Project("{FAE04EC0-301F-11D3-BF4B-00C04F79EFBC}") = "Bamboo.Threading", "Bamboo.Threading\Bamboo.Threading.csproj", "{6704E226-3660-4311-9DDA-AEFD65184A88}"
EndProject
Project("{FAE04EC0-301F-11D3-BF4B-00C04F79EFBC}") = "Bamboo.Mssql", "Bamboo.Mssql\Bamboo.Mssql.csproj", "{D44B1B9E-80DD-4FBE-8F9B-BFF1D70383BF}"
EndProject
Project("{FAE04EC0-301F-11D3-BF4B-00C04F79EFBC}") = "Bamboo.Binary", "Bamboo.Binary\Bamboo.Binary.csproj", "{6140DFB5-B79B-4189-AF91-2E51903B8B2B}"
EndProject
Global
	GlobalSection(SolutionConfigurationPlatforms) = preSolution
		Debug|Any CPU = Debug|Any CPU
		Release|Any CPU = Release|Any CPU
	EndGlobalSection
	GlobalSection(ProjectConfigurationPlatforms) = postSolution
		{B45444FD-CF2F-40C4-A2BE-ED0DFAF63073}.Debug|Any CPU.ActiveCfg = Debug|Any CPU
		{B45444FD-CF2F-40C4-A2BE-ED0DFAF63073}.Debug|Any CPU.Build.0 = Debug|Any CPU
		{B45444FD-CF2F-40C4-A2BE-ED0DFAF63073}.Release|Any CPU.ActiveCfg = Release|Any CPU
		{B45444FD-CF2F-40C4-A2BE-ED0DFAF63073}.Release|Any CPU.Build.0 = Release|Any CPU
		{C54EF647-B3B0-4659-9347-418A01693B1E}.Debug|Any CPU.ActiveCfg = Debug|Any CPU
		{C54EF647-B3B0-4659-9347-418A01693B1E}.Debug|Any CPU.Build.0 = Debug|Any CPU
		{C54EF647-B3B0-4659-9347-418A01693B1E}.Release|Any CPU.ActiveCfg = Release|Any CPU
		{C54EF647-B3B0-4659-9347-418A01693B1E}.Release|Any CPU.Build.0 = Release|Any CPU
		{D294134D-DF11-426E-B195-12715A50E73E}.Debug|Any CPU.ActiveCfg = Debug|Any CPU
		{D294134D-DF11-426E-B195-12715A50E73E}.Debug|Any CPU.Build.0 = Debug|Any CPU
		{D294134D-DF11-426E-B195-12715A50E73E}.Release|Any CPU.ActiveCfg = Release|Any CPU
		{D294134D-DF11-426E-B195-12715A50E73E}.Release|Any CPU.Build.0 = Release|Any CPU
		{87C5C1ED-E57F-4D0D-BD17-6AB2A7D03376}.Debug|Any CPU.ActiveCfg = Debug|Any CPU
		{87C5C1ED-E57F-4D0D-BD17-6AB2A7D03376}.Debug|Any CPU.Build.0 = Debug|Any CPU
		{87C5C1ED-E57F-4D0D-BD17-6AB2A7D03376}.Release|Any CPU.ActiveCfg = Release|Any CPU
		{87C5C1ED-E57F-4D0D-BD17-6AB2A7D03376}.Release|Any CPU.Build.0 = Release|Any CPU
		{6111A8F6-6E99-4ED3-B24F-11FC218EE57B}.Debug|Any CPU.ActiveCfg = Debug|Any CPU
		{6111A8F6-6E99-4ED3-B24F-11FC218EE57B}.Debug|Any CPU.Build.0 = Debug|Any CPU
		{6111A8F6-6E99-4ED3-B24F-11FC218EE57B}.Release|Any CPU.ActiveCfg = Release|Any CPU
		{6111A8F6-6E99-4ED3-B24F-11FC218EE57B}.Release|Any CPU.Build.0 = Release|Any CPU
		{64E1CE38-760A-4E32-BD16-A0B378EC6618}.Debug|Any CPU.ActiveCfg = Debug|Any CPU
		{64E1CE38-760A-4E32-BD16-A0B378EC6618}.Debug|Any CPU.Build.0 = Debug|Any CPU
		{64E1CE38-760A-4E32-BD16-A0B378EC6618}.Release|Any CPU.ActiveCfg = Release|Any CPU
		{64E1CE38-760A-4E32-BD16-A0B378EC6618}.Release|Any CPU.Build.0 = Release|Any CPU
		{D2EC4138-A00E-4C3B-AF98-3B9466A28490}.Debug|Any CPU.ActiveCfg = Debug|Any CPU
		{D2EC4138-A00E-4C3B-AF98-3B9466A28490}.Debug|Any CPU.Build.0 = Debug|Any CPU
		{D2EC4138-A00E-4C3B-AF98-3B9466A28490}.Release|Any CPU.ActiveCfg = Release|Any CPU
		{D2EC4138-A00E-4C3B-AF98-3B9466A28490}.Release|Any CPU.Build.0 = Release|Any CPU
		{865C5CA5-402D-411B-87D8-335BB27D5C9B}.Debug|Any CPU.ActiveCfg = Debug|Any CPU
		{865C5CA5-402D-411B-87D8-335BB27D5C9B}.Debug|Any CPU.Build.0 = Debug|Any CPU
		{865C5CA5-402D-411B-87D8-335BB27D5C9B}.Release|Any CPU.ActiveCfg = Release|Any CPU
		{865C5CA5-402D-411B-87D8-335BB27D5C9B}.Release|Any CPU.Build.0 = Release|Any CPU
		{907993AA-6B30-4286-8E2E-69E4A04FF925}.Debug|Any CPU.ActiveCfg = Debug|Any CPU
		{907993AA-6B30-4286-8E2E-69E4A04FF925}.Debug|Any CPU.Build.0 = Debug|Any CPU
		{907993AA-6B30-4286-8E2E-69E4A04FF925}.Release|Any CPU.ActiveCfg = Release|Any CPU
		{907993AA-6B30-4286-8E2E-69E4A04FF925}.Release|Any CPU.Build.0 = Release|Any CPU
		{693E5D82-B15C-4D10-8ABE-01F2D8074B77}.Debug|Any CPU.ActiveCfg = Debug|Any CPU
		{693E5D82-B15C-4D10-8ABE-01F2D8074B77}.Debug|Any CPU.Build.0 = Debug|Any CPU
		{693E5D82-B15C-4D10-8ABE-01F2D8074B77}.Release|Any CPU.ActiveCfg = Release|Any CPU
		{693E5D82-B15C-4D10-8ABE-01F2D8074B77}.Release|Any CPU.Build.0 = Release|Any CPU
		{A2491872-1B01-4F6C-A124-467755DBD3ED}.Debug|Any CPU.ActiveCfg = Debug|Any CPU
		{A2491872-1B01-4F6C-A124-467755DBD3ED}.Debug|Any CPU.Build.0 = Debug|Any CPU
		{A2491872-1B01-4F6C-A124-467755DBD3ED}.Release|Any CPU.ActiveCfg = Release|Any CPU
		{A2491872-1B01-4F6C-A124-467755DBD3ED}.Release|Any CPU.Build.0 = Release|Any CPU
		{8BEAEF83-8107-4F5E-A86D-E4F5F03E8C0A}.Debug|Any CPU.ActiveCfg = Debug|Any CPU
		{8BEAEF83-8107-4F5E-A86D-E4F5F03E8C0A}.Debug|Any CPU.Build.0 = Debug|Any CPU
		{8BEAEF83-8107-4F5E-A86D-E4F5F03E8C0A}.Release|Any CPU.ActiveCfg = Release|Any CPU
		{8BEAEF83-8107-4F5E-A86D-E4F5F03E8C0A}.Release|Any CPU.Build.0 = Release|Any CPU
		{5BB51C75-2AB5-4B4D-867E-E979AE727B32}.Debug|Any CPU.ActiveCfg = Debug|Any CPU
		{5BB51C75-2AB5-4B4D-867E-E979AE727B32}.Debug|Any CPU.Build.0 = Debug|Any CPU
		{5BB51C75-2AB5-4B4D-867E-E979AE727B32}.Release|Any CPU.ActiveCfg = Release|Any CPU
		{5BB51C75-2AB5-4B4D-867E-E979AE727B32}.Release|Any CPU.Build.0 = Release|Any CPU
		{0E6D7742-88DA-4A5C-8FA2-77E6EA6E1486}.Debug|Any CPU.ActiveCfg = Debug|Any CPU
		{0E6D7742-88DA-4A5C-8FA2-77E6EA6E1486}.Debug|Any CPU.Build.0 = Debug|Any CPU
		{0E6D7742-88DA-4A5C-8FA2-77E6EA6E1486}.Release|Any CPU.ActiveCfg = Release|Any CPU
		{0E6D7742-88DA-4A5C-8FA2-77E6EA6E1486}.Release|Any CPU.Build.0 = Release|Any CPU
		{D95706BD-49E9-4FF6-8BA3-15C3A8DEC43F}.Debug|Any CPU.ActiveCfg = Debug|Any CPU
		{D95706BD-49E9-4FF6-8BA3-15C3A8DEC43F}.Debug|Any CPU.Build.0 = Debug|Any CPU
		{D95706BD-49E9-4FF6-8BA3-15C3A8DEC43F}.Release|Any CPU.ActiveCfg = Release|Any CPU
		{D95706BD-49E9-4FF6-8BA3-15C3A8DEC43F}.Release|Any CPU.Build.0 = Release|Any CPU
		{197DAC53-83AC-4A2F-AC34-3BC1E8A6D56C}.Debug|Any CPU.ActiveCfg = Debug|Any CPU
		{197DAC53-83AC-4A2F-AC34-3BC1E8A6D56C}.Debug|Any CPU.Build.0 = Debug|Any CPU
		{197DAC53-83AC-4A2F-AC34-3BC1E8A6D56C}.Release|Any CPU.ActiveCfg = Release|Any CPU
		{197DAC53-83AC-4A2F-AC34-3BC1E8A6D56C}.Release|Any CPU.Build.0 = Release|Any CPU
		{0E90BAAB-05F9-4D7E-B86E-D374D33494F5}.Debug|Any CPU.ActiveCfg = Debug|Any CPU
		{0E90BAAB-05F9-4D7E-B86E-D374D33494F5}.Debug|Any CPU.Build.0 = Debug|Any CPU
		{0E90BAAB-05F9-4D7E-B86E-D374D33494F5}.Release|Any CPU.ActiveCfg = Release|Any CPU
		{0E90BAAB-05F9-4D7E-B86E-D374D33494F5}.Release|Any CPU.Build.0 = Release|Any CPU
		{D3821FEB-667C-4DF6-B341-0E79610D7A43}.Debug|Any CPU.ActiveCfg = Debug|Any CPU
		{D3821FEB-667C-4DF6-B341-0E79610D7A43}.Debug|Any CPU.Build.0 = Debug|Any CPU
		{D3821FEB-667C-4DF6-B341-0E79610D7A43}.Release|Any CPU.ActiveCfg = Release|Any CPU
		{D3821FEB-667C-4DF6-B341-0E79610D7A43}.Release|Any CPU.Build.0 = Release|Any CPU
		{80B85B9F-A44F-4989-972A-047976B4DB18}.Debug|Any CPU.ActiveCfg = Debug|Any CPU
		{80B85B9F-A44F-4989-972A-047976B4DB18}.Debug|Any CPU.Build.0 = Debug|Any CPU
		{80B85B9F-A44F-4989-972A-047976B4DB18}.Release|Any CPU.ActiveCfg = Release|Any CPU
		{80B85B9F-A44F-4989-972A-047976B4DB18}.Release|Any CPU.Build.0 = Release|Any CPU
		{DADC9EAA-9232-47E3-862B-F4A2DACA9958}.Debug|Any CPU.ActiveCfg = Debug|Any CPU
		{DADC9EAA-9232-47E3-862B-F4A2DACA9958}.Debug|Any CPU.Build.0 = Debug|Any CPU
		{DADC9EAA-9232-47E3-862B-F4A2DACA9958}.Release|Any CPU.ActiveCfg = Release|Any CPU
		{DADC9EAA-9232-47E3-862B-F4A2DACA9958}.Release|Any CPU.Build.0 = Release|Any CPU
		{B6EA48FC-6A39-4D44-A330-D491CE0A34FA}.Debug|Any CPU.ActiveCfg = Debug|Any CPU
		{B6EA48FC-6A39-4D44-A330-D491CE0A34FA}.Debug|Any CPU.Build.0 = Debug|Any CPU
		{B6EA48FC-6A39-4D44-A330-D491CE0A34FA}.Release|Any CPU.ActiveCfg = Release|Any CPU
		{B6EA48FC-6A39-4D44-A330-D491CE0A34FA}.Release|Any CPU.Build.0 = Release|Any CPU
		{C2E15E60-B864-480F-B631-F783FBECC751}.Debug|Any CPU.ActiveCfg = Debug|Any CPU
		{C2E15E60-B864-480F-B631-F783FBECC751}.Debug|Any CPU.Build.0 = Debug|Any CPU
		{C2E15E60-B864-480F-B631-F783FBECC751}.Release|Any CPU.ActiveCfg = Release|Any CPU
		{C2E15E60-B864-480F-B631-F783FBECC751}.Release|Any CPU.Build.0 = Release|Any CPU
		{0B2D41FD-58E7-46E5-AFA5-F0F277A394A5}.Debug|Any CPU.ActiveCfg = Debug|Any CPU
		{0B2D41FD-58E7-46E5-AFA5-F0F277A394A5}.Debug|Any CPU.Build.0 = Debug|Any CPU
		{0B2D41FD-58E7-46E5-AFA5-F0F277A394A5}.Release|Any CPU.ActiveCfg = Release|Any CPU
		{0B2D41FD-58E7-46E5-AFA5-F0F277A394A5}.Release|Any CPU.Build.0 = Release|Any CPU
		{F0F1984A-A85A-40F9-ABD4-DEF8B7232FA7}.Debug|Any CPU.ActiveCfg = Debug|Any CPU
		{F0F1984A-A85A-40F9-ABD4-DEF8B7232FA7}.Debug|Any CPU.Build.0 = Debug|Any CPU
		{F0F1984A-A85A-40F9-ABD4-DEF8B7232FA7}.Release|Any CPU.ActiveCfg = Release|Any CPU
		{F0F1984A-A85A-40F9-ABD4-DEF8B7232FA7}.Release|Any CPU.Build.0 = Release|Any CPU
		{862D78EA-E2E0-4539-991A-95F4EF5B96B1}.Debug|Any CPU.ActiveCfg = Debug|Any CPU
		{862D78EA-E2E0-4539-991A-95F4EF5B96B1}.Debug|Any CPU.Build.0 = Debug|Any CPU
		{862D78EA-E2E0-4539-991A-95F4EF5B96B1}.Release|Any CPU.ActiveCfg = Release|Any CPU
		{862D78EA-E2E0-4539-991A-95F4EF5B96B1}.Release|Any CPU.Build.0 = Release|Any CPU
		{26C00733-4E08-4A99-863C-D42E68C0B44B}.Debug|Any CPU.ActiveCfg = Debug|Any CPU
		{26C00733-4E08-4A99-863C-D42E68C0B44B}.Debug|Any CPU.Build.0 = Debug|Any CPU
		{26C00733-4E08-4A99-863C-D42E68C0B44B}.Release|Any CPU.ActiveCfg = Release|Any CPU
		{26C00733-4E08-4A99-863C-D42E68C0B44B}.Release|Any CPU.Build.0 = Release|Any CPU
		{CF3C2780-9491-4504-B8D4-09A4639CC65E}.Debug|Any CPU.ActiveCfg = Debug|Any CPU
		{CF3C2780-9491-4504-B8D4-09A4639CC65E}.Debug|Any CPU.Build.0 = Debug|Any CPU
		{CF3C2780-9491-4504-B8D4-09A4639CC65E}.Release|Any CPU.ActiveCfg = Release|Any CPU
		{CF3C2780-9491-4504-B8D4-09A4639CC65E}.Release|Any CPU.Build.0 = Release|Any CPU
		{C7230AAE-DC2A-4FF8-954A-0DE335143AE1}.Debug|Any CPU.ActiveCfg = Debug|Any CPU
		{C7230AAE-DC2A-4FF8-954A-0DE335143AE1}.Debug|Any CPU.Build.0 = Debug|Any CPU
		{C7230AAE-DC2A-4FF8-954A-0DE335143AE1}.Release|Any CPU.ActiveCfg = Release|Any CPU
		{C7230AAE-DC2A-4FF8-954A-0DE335143AE1}.Release|Any CPU.Build.0 = Release|Any CPU
		{6704E226-3660-4311-9DDA-AEFD65184A88}.Debug|Any CPU.ActiveCfg = Debug|Any CPU
		{6704E226-3660-4311-9DDA-AEFD65184A88}.Debug|Any CPU.Build.0 = Debug|Any CPU
		{6704E226-3660-4311-9DDA-AEFD65184A88}.Release|Any CPU.ActiveCfg = Release|Any CPU
		{6704E226-3660-4311-9DDA-AEFD65184A88}.Release|Any CPU.Build.0 = Release|Any CPU
		{D44B1B9E-80DD-4FBE-8F9B-BFF1D70383BF}.Debug|Any CPU.ActiveCfg = Debug|Any CPU
		{D44B1B9E-80DD-4FBE-8F9B-BFF1D70383BF}.Debug|Any CPU.Build.0 = Debug|Any CPU
		{D44B1B9E-80DD-4FBE-8F9B-BFF1D70383BF}.Release|Any CPU.ActiveCfg = Release|Any CPU
		{D44B1B9E-80DD-4FBE-8F9B-BFF1D70383BF}.Release|Any CPU.Build.0 = Release|Any CPU
		{6140DFB5-B79B-4189-AF91-2E51903B8B2B}.Debug|Any CPU.ActiveCfg = Debug|Any CPU
		{6140DFB5-B79B-4189-AF91-2E51903B8B2B}.Debug|Any CPU.Build.0 = Debug|Any CPU
		{6140DFB5-B79B-4189-AF91-2E51903B8B2B}.Release|Any CPU.ActiveCfg = Release|Any CPU
		{6140DFB5-B79B-4189-AF91-2E51903B8B2B}.Release|Any CPU.Build.0 = Release|Any CPU
	EndGlobalSection
	GlobalSection(SolutionProperties) = preSolution
		HideSolutionNode = FALSE
	EndGlobalSection
EndGlobal
